{
  "name": "DatingApp",
  "lockfileVersion": 3,
  "requires": true,
  "packages": {
    "": {
      "dependencies": {
        "ng-gallery": "^11.0.0"
      }
    },
    "node_modules/ng-gallery": {
      "version": "11.0.0",
      "resolved": "https://registry.npmjs.org/ng-gallery/-/ng-gallery-11.0.0.tgz",
      "integrity": "sha512-xG0WD4Hd8FrKAinrH+dseH3dpbthhgc+n6EKUCv1WuwdUJC7YiEMuPOl1aV2t8DxSblVUokR2w5Y6pAFRo9Ixw==",
      "dependencies": {
        "tslib": "^2.3.1"
      },
      "peerDependencies": {
        "@angular/cdk": ">=16.0.0",
        "@angular/common": ">=16.0.0",
        "@angular/core": ">=16.0.0",
        "rxjs": ">=7.0.0"
      }
    },
    "node_modules/tslib": {
      "version": "2.6.3",
      "resolved": "https://registry.npmjs.org/tslib/-/tslib-2.6.3.tgz",
      "integrity": "sha512-xNvxJEOUiWPGhUuUdQgAJPKOOJfGnIyKySOc09XkKsgdUV/3E2zvwZYdejjmRgPCgcym1juLH3226yA7sEFJKQ=="
    }
  }
}
